{
  "version": 4,
  "terraform_version": "1.15.8",
  "serial": 17,
  "lineage": "5151804f-2344-f16d-0c60-47ad16e01a17",
  "outputs": {
    "app_url": {
      "value": "melior-dev-app.azurewebsites.net",
      "type": "string"
    }
  },
  "resources": [
    {
      "module": "module.melior",
      "mode": "managed",
      "type": "azurerm_container_registry",
      "name": "acr",
      "provider": "provider[\"registry.terraform.io/hashicorp/azurerm\"]",
      "instances": [
        {
          "schema_version": 2,
          "attributes": {
            "admin_enabled": true,
            "admin_password": "9QNxDWcecN7Y9KOKMCyiHIiWnipWtjjKLFQleSb8RHl9s977tWZcJQQJ99CHAC1i4TkEqg7NAAACAZCRemyg",
            "admin_username": "meliorregistrydev",
            "anonymous_pull_enabled": false,
            "data_endpoint_enabled": false,
            "encryption": [
              {
                "enabled": false,
                "identity_client_id": "",
                "key_vault_key_id": ""
              }
            ],
            "export_policy_enabled": true,
            "georeplications": [],
            "id": "/subscriptions/3f293a3b-05eb-44e6-95a3-09a56fd4abb3/resourceGroups/melior-dev-rg/providers/Microsoft.ContainerRegistry/registries/meliorregistrydev",
            "identity": [],
            "location": "centralus",
            "login_server": "meliorregistrydev.azurecr.io",
            "name": "meliorregistrydev",
            "network_rule_bypass_option": "AzureServices",
            "network_rule_set": [],
            "public_network_access_enabled": true,
            "quarantine_policy_enabled": false,
            "resource_group_name": "melior-dev-rg",
            "retention_policy": [
              {
                "days": 7,
                "enabled": false
              }
            ],
            "sku": "Basic",
            "tags": {},
            "timeouts": null,
            "trust_policy": [
              {
                "enabled": false
              }
            ],
            "zone_redundancy_enabled": false
          },
          "sensitive_attributes": [
            [
              {
                "type": "get_attr",
                "value": "admin_password"
              }
            ]
          ],
          "identity_schema_version": 0,
          "private": "eyJlMmJmYjczMC1lY2FhLTExZTYtOGY4OC0zNDM2M2JjN2M0YzAiOnsiY3JlYXRlIjoxODAwMDAwMDAwMDAwLCJkZWxldGUiOjE4MDAwMDAwMDAwMDAsInJlYWQiOjMwMDAwMDAwMDAwMCwidXBkYXRlIjoxODAwMDAwMDAwMDAwfSwic2NoZW1hX3ZlcnNpb24iOiIyIn0=",
          "dependencies": [
            "module.melior.azurerm_resource_group.rg"
          ]
        }
      ]
    },
    {
      "module": "module.melior",
      "mode": "managed",
      "type": "azurerm_linux_web_app",
      "name": "app",
      "provider": "provider[\"registry.terraform.io/hashicorp/azurerm\"]",
      "instances": [
        {
          "schema_version": 1,
          "attributes": {
            "app_settings": {},
            "auth_settings": [],
            "auth_settings_v2": [],
            "backup": [],
            "client_affinity_enabled": false,
            "client_certificate_enabled": false,
            "client_certificate_exclusion_paths": "",
            "client_certificate_mode": "Required",
            "connection_string": [],
            "custom_domain_verification_id": "6444FC5459901E1922E63C2CBEDBCD10CB783B7677FBDB938ACD25440C6FB800",
            "default_hostname": "melior-dev-app.azurewebsites.net",
            "enabled": true,
            "ftp_publish_basic_authentication_enabled": true,
            "hosting_environment_id": "",
            "https_only": false,
            "id": "/subscriptions/3f293a3b-05eb-44e6-95a3-09a56fd4abb3/resourceGroups/melior-dev-rg/providers/Microsoft.Web/sites/melior-dev-app",
            "identity": [],
            "key_vault_reference_identity_id": "SystemAssigned",
            "kind": "app,linux,container",
            "location": "centralus",
            "logs": [],
            "name": "melior-dev-app",
            "outbound_ip_address_list": [
              "23.99.196.87",
              "23.101.123.112",
              "23.99.199.110",
              "23.99.199.42",
              "168.61.217.214"
            ],
            "outbound_ip_addresses": "23.99.196.87,23.101.123.112,23.99.199.110,23.99.199.42,168.61.217.214",
            "possible_outbound_ip_address_list": [
              "23.99.196.87",
              "23.101.123.112",
              "23.99.199.110",
              "23.99.199.42",
              "23.99.193.185",
              "168.61.210.43",
              "23.99.197.211",
              "23.99.196.112",
              "23.99.255.20",
              "20.112.192.181",
              "20.112.198.69",
              "20.112.198.129",
              "20.112.198.133",
              "20.112.198.142",
              "20.112.198.145",
              "20.112.198.164",
              "20.112.199.70",
              "20.112.199.80",
              "20.112.199.93",
              "20.112.199.244",
              "20.112.199.250",
              "168.61.217.214"
            ],
            "possible_outbound_ip_addresses": "23.99.196.87,23.101.123.112,23.99.199.110,23.99.199.42,23.99.193.185,168.61.210.43,23.99.197.211,23.99.196.112,23.99.255.20,20.112.192.181,20.112.198.69,20.112.198.129,20.112.198.133,20.112.198.142,20.112.198.145,20.112.198.164,20.112.199.70,20.112.199.80,20.112.199.93,20.112.199.244,20.112.199.250,168.61.217.214",
            "public_network_access_enabled": true,
            "resource_group_name": "melior-dev-rg",
            "service_plan_id": "/subscriptions/3f293a3b-05eb-44e6-95a3-09a56fd4abb3/resourceGroups/melior-dev-rg/providers/Microsoft.Web/serverFarms/melior-dev-plan",
            "site_config": [
              {
                "always_on": false,
                "api_definition_url": "",
                "api_management_api_id": "",
                "app_command_line": "",
                "application_stack": [
                  {
                    "docker_image": "",
                    "docker_image_name": "melior:latest",
                    "docker_image_tag": "",
                    "docker_registry_password": "",
                    "docker_registry_url": "https://meliorregistrydev.azurecr.io",
                    "docker_registry_username": "",
                    "dotnet_version": "",
                    "go_version": "",
                    "java_server": "",
                    "java_server_version": "",
                    "java_version": "",
                    "node_version": "",
                    "php_version": "",
                    "python_version": "",
                    "ruby_version": ""
                  }
                ],
                "auto_heal_enabled": false,
                "auto_heal_setting": [],
                "container_registry_managed_identity_client_id": "",
                "container_registry_use_managed_identity": false,
                "cors": [],
                "default_documents": [
                  "Default.htm",
                  "Default.html",
                  "Default.asp",
                  "index.htm",
                  "index.html",
                  "iisstart.htm",
                  "default.aspx",
                  "index.php",
                  "hostingstart.html"
                ],
                "detailed_error_logging_enabled": false,
                "ftps_state": "Disabled",
                "health_check_eviction_time_in_min": 0,
                "health_check_path": "",
                "http2_enabled": false,
                "ip_restriction": [],
                "ip_restriction_default_action": "Allow",
                "linux_fx_version": "DOCKER|meliorregistrydev.azurecr.io/melior:latest",
                "load_balancing_mode": "LeastRequests",
                "local_mysql_enabled": false,
                "managed_pipeline_mode": "Integrated",
                "minimum_tls_version": "1.2",
                "remote_debugging_enabled": false,
                "remote_debugging_version": "VS2022",
                "scm_ip_restriction": [],
                "scm_ip_restriction_default_action": "Allow",
                "scm_minimum_tls_version": "1.2",
                "scm_type": "None",
                "scm_use_main_ip_restriction": false,
                "use_32_bit_worker": true,
                "vnet_route_all_enabled": false,
                "websockets_enabled": false,
                "worker_count": 1
              }
            ],
            "site_credential": [
              {
                "name": "$melior-dev-app",
                "password": "ipqRSPnAW8DyQZzdGx6BmdCsGGBmS0eiS40phAkjen3kz3NTBWojw5WZWFxS"
              }
            ],
            "sticky_settings": [],
            "storage_account": [],
            "tags": {},
            "timeouts": null,
            "virtual_network_subnet_id": "",
            "webdeploy_publish_basic_authentication_enabled": true,
            "zip_deploy_file": ""
          },
          "sensitive_attributes": [
            [
              {
                "type": "get_attr",
                "value": "custom_domain_verification_id"
              }
            ],
            [
              {
                "type": "get_attr",
                "value": "site_config"
              },
              {
                "type": "index",
                "value": {
                  "value": 0,
                  "type": "number"
                }
              },
              {
                "type": "get_attr",
                "value": "application_stack"
              },
              {
                "type": "index",
                "value": {
                  "value": 0,
                  "type": "number"
                }
              },
              {
                "type": "get_attr",
                "value": "docker_registry_password"
              }
            ],
            [
              {
                "type": "get_attr",
                "value": "site_credential"
              }
            ]
          ],
          "identity_schema_version": 0,
          "private": "eyJlMmJmYjczMC1lY2FhLTExZTYtOGY4OC0zNDM2M2JjN2M0YzAiOnsiY3JlYXRlIjoxODAwMDAwMDAwMDAwLCJkZWxldGUiOjE4MDAwMDAwMDAwMDAsInJlYWQiOjMwMDAwMDAwMDAwMCwidXBkYXRlIjoxODAwMDAwMDAwMDAwfSwic2NoZW1hX3ZlcnNpb24iOiIxIn0=",
          "dependencies": [
            "module.melior.azurerm_container_registry.acr",
            "module.melior.azurerm_resource_group.rg",
            "module.melior.azurerm_service_plan.plan"
          ]
        }
      ]
    },
    {
      "module": "module.melior",
      "mode": "managed",
      "type": "azurerm_resource_group",
      "name": "rg",
      "provider": "provider[\"registry.terraform.io/hashicorp/azurerm\"]",
      "instances": [
        {
          "schema_version": 0,
          "attributes": {
            "id": "/subscriptions/3f293a3b-05eb-44e6-95a3-09a56fd4abb3/resourceGroups/melior-dev-rg",
            "location": "centralus",
            "managed_by": "",
            "name": "melior-dev-rg",
            "tags": {},
            "timeouts": null
          },
          "sensitive_attributes": [],
          "identity_schema_version": 0,
          "private": "eyJlMmJmYjczMC1lY2FhLTExZTYtOGY4OC0zNDM2M2JjN2M0YzAiOnsiY3JlYXRlIjo1NDAwMDAwMDAwMDAwLCJkZWxldGUiOjU0MDAwMDAwMDAwMDAsInJlYWQiOjMwMDAwMDAwMDAwMCwidXBkYXRlIjo1NDAwMDAwMDAwMDAwfX0="
        }
      ]
    },
    {
      "module": "module.melior",
      "mode": "managed",
      "type": "azurerm_service_plan",
      "name": "plan",
      "provider": "provider[\"registry.terraform.io/hashicorp/azurerm\"]",
      "instances": [
        {
          "schema_version": 1,
          "attributes": {
            "app_service_environment_id": "",
            "id": "/subscriptions/3f293a3b-05eb-44e6-95a3-09a56fd4abb3/resourceGroups/melior-dev-rg/providers/Microsoft.Web/serverFarms/melior-dev-plan",
            "kind": "linux",
            "location": "centralus",
            "maximum_elastic_worker_count": 1,
            "name": "melior-dev-plan",
            "os_type": "Linux",
            "per_site_scaling_enabled": false,
            "reserved": true,
            "resource_group_name": "melior-dev-rg",
            "sku_name": "F1",
            "tags": {},
            "timeouts": null,
            "worker_count": 1,
            "zone_balancing_enabled": false
          },
          "sensitive_attributes": [],
          "identity_schema_version": 0,
          "private": "eyJlMmJmYjczMC1lY2FhLTExZTYtOGY4OC0zNDM2M2JjN2M0YzAiOnsiY3JlYXRlIjozNjAwMDAwMDAwMDAwLCJkZWxldGUiOjM2MDAwMDAwMDAwMDAsInJlYWQiOjMwMDAwMDAwMDAwMCwidXBkYXRlIjozNjAwMDAwMDAwMDAwfSwic2NoZW1hX3ZlcnNpb24iOiIxIn0=",
          "dependencies": [
            "module.melior.azurerm_resource_group.rg"
          ]
        }
      ]
    }
  ],
  "check_results": null
}
